
Microsoft Visual Studio Solution File, Format Version 12.00
# Visual Studio 15
VisualStudioVersion = 15.0.26730.8
MinimumVisualStudioVersion = 10.0.40219.1
Project("{FAE04EC0-301F-11D3-BF4B-00C04F79EFBC}") = "DDona.OwinAuth.WebApp", "DDona.OwinAuth.WebApp\DDona.OwinAuth.WebApp.csproj", "{12757B42-2AC1-4BB3-8DAE-4F230C24643E}"
EndProject
Global
	GlobalSection(SolutionConfigurationPlatforms) = preSolution
		Debug|Any CPU = Debug|Any CPU
		Release|Any CPU = Release|Any CPU
	EndGlobalSection
	GlobalSection(ProjectConfigurationPlatforms) = postSolution
		{12757B42-2AC1-4BB3-8DAE-4F230C24643E}.Debug|Any CPU.ActiveCfg = Debug|Any CPU
		{12757B42-2AC1-4BB3-8DAE-4F230C24643E}.Debug|Any CPU.Build.0 = Debug|Any CPU
		{12757B42-2AC1-4BB3-8DAE-4F230C24643E}.Release|Any CPU.ActiveCfg = Release|Any CPU
		{12757B42-2AC1-4BB3-8DAE-4F230C24643E}.Release|Any CPU.Build.0 = Release|Any CPU
	EndGlobalSection
	GlobalSection(SolutionProperties) = preSolution
		HideSolutionNode = FALSE
	EndGlobalSection
	GlobalSection(ExtensibilityGlobals) = postSolution
		SolutionGuid = {6EA63FBC-2F8C-4863-B226-BF309BDF8B20}
	EndGlobalSection
EndGlobal
